{
  "name": "nutrient-font-tool",
  "version": "0.1.0",
  "lockfileVersion": 3,
  "requires": true,
  "packages": {
    "": {
      "name": "nutrient-font-tool",
      "version": "0.1.0",
      "license": "MIT",
      "bin": {
        "nutrient-font-tool": "bin/cli.js"
      },
      "engines": {
        "node": ">=18"
      }
    }
  }
}
